
Microsoft Visual Studio Solution File, Format Version 11.00
# Visual Studio 2010
Project("{FAE04EC0-301F-11D3-BF4B-00C04F79EFBC}") = "confereDigito", "confereDigito\confereDigito.csproj", "{74F6F1D3-8737-4A37-8920-BA11EB24AA26}"
EndProject
Project("{FAE04EC0-301F-11D3-BF4B-00C04F79EFBC}") = "testePotz", "testePotz\testePotz.csproj", "{96290F4D-C7CB-47F5-BDCA-36139DC9088C}"
EndProject
Project("{2150E333-8FDC-42A3-9474-1A3956D46DE8}") = "Solution Items", "Solution Items", "{2D810A45-4859-4EAE-B574-F7AA63DD742B}"
	ProjectSection(SolutionItems) = preProject
		confereDigito.vsmdi = confereDigito.vsmdi
		Local.testsettings = Local.testsettings
		TraceAndTestImpact.testsettings = TraceAndTestImpact.testsettings
	EndProjectSection
EndProject
Global
	GlobalSection(TestCaseManagementSettings) = postSolution
		CategoryFile = confereDigito.vsmdi
	EndGlobalSection
	GlobalSection(SolutionConfigurationPlatforms) = preSolution
		Debug|Any CPU = Debug|Any CPU
		Debug|Mixed Platforms = Debug|Mixed Platforms
		Debug|x86 = Debug|x86
		Release|Any CPU = Release|Any CPU
		Release|Mixed Platforms = Release|Mixed Platforms
		Release|x86 = Release|x86
	EndGlobalSection
	GlobalSection(ProjectConfigurationPlatforms) = postSolution
		{74F6F1D3-8737-4A37-8920-BA11EB24AA26}.Debug|Any CPU.ActiveCfg = Debug|x86
		{74F6F1D3-8737-4A37-8920-BA11EB24AA26}.Debug|Mixed Platforms.ActiveCfg = Debug|x86
		{74F6F1D3-8737-4A37-8920-BA11EB24AA26}.Debug|Mixed Platforms.Build.0 = Debug|x86
		{74F6F1D3-8737-4A37-8920-BA11EB24AA26}.Debug|x86.ActiveCfg = Debug|x86
		{74F6F1D3-8737-4A37-8920-BA11EB24AA26}.Debug|x86.Build.0 = Debug|x86
		{74F6F1D3-8737-4A37-8920-BA11EB24AA26}.Release|Any CPU.ActiveCfg = Release|x86
		{74F6F1D3-8737-4A37-8920-BA11EB24AA26}.Release|Mixed Platforms.ActiveCfg = Release|x86
		{74F6F1D3-8737-4A37-8920-BA11EB24AA26}.Release|Mixed Platforms.Build.0 = Release|x86
		{74F6F1D3-8737-4A37-8920-BA11EB24AA26}.Release|x86.ActiveCfg = Release|x86
		{74F6F1D3-8737-4A37-8920-BA11EB24AA26}.Release|x86.Build.0 = Release|x86
		{96290F4D-C7CB-47F5-BDCA-36139DC9088C}.Debug|Any CPU.ActiveCfg = Debug|Any CPU
		{96290F4D-C7CB-47F5-BDCA-36139DC9088C}.Debug|Any CPU.Build.0 = Debug|Any CPU
		{96290F4D-C7CB-47F5-BDCA-36139DC9088C}.Debug|Mixed Platforms.ActiveCfg = Debug|Any CPU
		{96290F4D-C7CB-47F5-BDCA-36139DC9088C}.Debug|Mixed Platforms.Build.0 = Debug|Any CPU
		{96290F4D-C7CB-47F5-BDCA-36139DC9088C}.Debug|x86.ActiveCfg = Debug|Any CPU
		{96290F4D-C7CB-47F5-BDCA-36139DC9088C}.Release|Any CPU.ActiveCfg = Release|Any CPU
		{96290F4D-C7CB-47F5-BDCA-36139DC9088C}.Release|Any CPU.Build.0 = Release|Any CPU
		{96290F4D-C7CB-47F5-BDCA-36139DC9088C}.Release|Mixed Platforms.ActiveCfg = Release|Any CPU
		{96290F4D-C7CB-47F5-BDCA-36139DC9088C}.Release|Mixed Platforms.Build.0 = Release|Any CPU
		{96290F4D-C7CB-47F5-BDCA-36139DC9088C}.Release|x86.ActiveCfg = Release|Any CPU
	EndGlobalSection
	GlobalSection(SolutionProperties) = preSolution
		HideSolutionNode = FALSE
	EndGlobalSection
EndGlobal
